[[package]]
category = "main"
description = "NumPy: array processing for numbers, strings, records, and objects."
name = "numpy"
optional = false
python-versions = "*"
version = "1.10.0"

[metadata]
content-hash = "5f0c93cc21f2f4caa411ac2fee111ac77fc720728d801b14548c82d6d2081aa8"
python-versions = "3.4.3"

[metadata.files]
numpy = [
    {file = "numpy-1.10.0-cp26-cp26m-manylinux1_x86_64.whl", hash = "sha256:9f917e14e14d9a3123eb651af572fbe1fe7f8da4854ee9b22940587bb527cb23"},
    {file = "numpy-1.10.0-cp26-cp26mu-manylinux1_x86_64.whl", hash = "sha256:189f72f4ff774382187a82dedcae58050fa110c1bb060a98588a649859cf22df"},
    {file = "numpy-1.10.0-cp27-cp27m-manylinux1_x86_64.whl", hash = "sha256:05952e952ed88fb6945d4b741f7472e66be31d0568b97865a051634e7fd01c5d"},
    {file = "numpy-1.10.0-cp27-cp27mu-manylinux1_x86_64.whl", hash = "sha256:97a215a6cc010247a0df4d55e874d79d27fe234981ac1005c45cccdb48e9731d"},
    {file = "numpy-1.10.0-cp33-cp33m-manylinux1_x86_64.whl", hash = "sha256:124881e12015ff7dcd64640f22944ec04a2a1b27c7c77028a1239c195b2a7b14"},
    {file = "numpy-1.10.0-cp34-cp34m-manylinux1_x86_64.whl", hash = "sha256:d924d836466e83221c0812015828a36bfd93c24bb58b3c11e61352458dd581e6"},
    {file = "numpy-1.10.0-cp35-cp35m-manylinux1_x86_64.whl", hash = "sha256:c51659d34965cb62ca98080f49355063fbd0004064c16c671fb8ed088ab12692"},
    {file = "numpy-1.10.0.post2.tar.gz", hash = "sha256:2ebd29edb2f1a4a19e86cfc27c1b2283314d57509b2bfc6606b4f05d620c230b"},
    {file = "numpy-1.10.0.post2.zip", hash = "sha256:35bc2e3ea058f998c3a54d869a4c8adead8b6c9a26ceb8ee5da28773ae32cb05"},
]
